
Microsoft Visual Studio Solution File, Format Version 12.00
# Visual Studio Version 16
VisualStudioVersion = 16.0.30907.101
MinimumVisualStudioVersion = 10.0.40219.1
Project("{FAE04EC0-301F-11D3-BF4B-00C04F79EFBC}") = "ABSTRACT SHAPE", "ABSTRACT SHAPE.csproj", "{BFD93979-F477-4A9B-B817-1A7DAD9520E6}"
EndProject
Global
	GlobalSection(SolutionConfigurationPlatforms) = preSolution
		Debug|Any CPU = Debug|Any CPU
		Release|Any CPU = Release|Any CPU
	EndGlobalSection
	GlobalSection(ProjectConfigurationPlatforms) = postSolution
		{BFD93979-F477-4A9B-B817-1A7DAD9520E6}.Debug|Any CPU.ActiveCfg = Debug|Any CPU
		{BFD93979-F477-4A9B-B817-1A7DAD9520E6}.Debug|Any CPU.Build.0 = Debug|Any CPU
		{BFD93979-F477-4A9B-B817-1A7DAD9520E6}.Release|Any CPU.ActiveCfg = Release|Any CPU
		{BFD93979-F477-4A9B-B817-1A7DAD9520E6}.Release|Any CPU.Build.0 = Release|Any CPU
	EndGlobalSection
	GlobalSection(SolutionProperties) = preSolution
		HideSolutionNode = FALSE
	EndGlobalSection
	GlobalSection(ExtensibilityGlobals) = postSolution
		SolutionGuid = {103B5FD8-3418-4402-941D-96873C74B62E}
	EndGlobalSection
EndGlobal
